Microsoft Visual Studio Solution File, Format Version 12.00
# Visual Studio Version 17
VisualStudioVersion = 17.5.2.0
MinimumVisualStudioVersion = 10.0.40219.1
Project("{FAE04EC0-301F-11D3-BF4B-00C04F79EFBC}") = "Projetil", "Projetil.csproj", "{2653F7B9-D682-B4EA-2DE2-7DC974A9A567}"
EndProject
Global
	GlobalSection(SolutionConfigurationPlatforms) = preSolution
		Debug|Any CPU = Debug|Any CPU
		Release|Any CPU = Release|Any CPU
	EndGlobalSection
	GlobalSection(ProjectConfigurationPlatforms) = postSolution
		{2653F7B9-D682-B4EA-2DE2-7DC974A9A567}.Debug|Any CPU.ActiveCfg = Debug|Any CPU
		{2653F7B9-D682-B4EA-2DE2-7DC974A9A567}.Debug|Any CPU.Build.0 = Debug|Any CPU
		{2653F7B9-D682-B4EA-2DE2-7DC974A9A567}.Release|Any CPU.ActiveCfg = Release|Any CPU
		{2653F7B9-D682-B4EA-2DE2-7DC974A9A567}.Release|Any CPU.Build.0 = Release|Any CPU
	EndGlobalSection
	GlobalSection(SolutionProperties) = preSolution
		HideSolutionNode = FALSE
	EndGlobalSection
	GlobalSection(ExtensibilityGlobals) = postSolution
		SolutionGuid = {400638BB-DBE9-4ED7-8BE5-C6BE1DF4169B}
	EndGlobalSection
EndGlobal
